
Microsoft Visual Studio Solution File, Format Version 12.00
# Visual Studio Version 17
VisualStudioVersion = 17.11.35312.102
MinimumVisualStudioVersion = 10.0.40219.1
Project("{FAE04EC0-301F-11D3-BF4B-00C04F79EFBC}") = "StudiesPractice", "StudiesPractice\StudiesPractice.csproj", "{2535E320-60BC-4BE8-8391-3BB4B2169AC4}"
EndProject
Global
	GlobalSection(SolutionConfigurationPlatforms) = preSolution
		Debug|Any CPU = Debug|Any CPU
		Release|Any CPU = Release|Any CPU
	EndGlobalSection
	GlobalSection(ProjectConfigurationPlatforms) = postSolution
		{2535E320-60BC-4BE8-8391-3BB4B2169AC4}.Debug|Any CPU.ActiveCfg = Debug|Any CPU
		{2535E320-60BC-4BE8-8391-3BB4B2169AC4}.Debug|Any CPU.Build.0 = Debug|Any CPU
		{2535E320-60BC-4BE8-8391-3BB4B2169AC4}.Release|Any CPU.ActiveCfg = Release|Any CPU
		{2535E320-60BC-4BE8-8391-3BB4B2169AC4}.Release|Any CPU.Build.0 = Release|Any CPU
	EndGlobalSection
	GlobalSection(SolutionProperties) = preSolution
		HideSolutionNode = FALSE
	EndGlobalSection
	GlobalSection(ExtensibilityGlobals) = postSolution
		SolutionGuid = {3BA2F1F6-26B8-4CDB-A340-81970802FD94}
	EndGlobalSection
EndGlobal
